// !$*UTF8*$!
{
	archiveVersion = 1;
	classes = {
	};
	objectVersion = 48;
	objects = {

/* Begin PBXBuildFile section */
		071809981FF17B90009CC571 /* LevelSelectVC.swift in Sources */ = {isa = PBXBuildFile; fileRef = 071809971FF17B90009CC571 /* LevelSelectVC.swift */; };
		073306601FF3370700C89499 /* SettingsVC.swift in Sources */ = {isa = PBXBuildFile; fileRef = 0733065F1FF3370700C89499 /* SettingsVC.swift */; };
		0744EE341FF29B3B008A29D9 /* Level3.sks in Resources */ = {isa = PBXBuildFile; fileRef = 0744EE331FF29B3B008A29D9 /* Level3.sks */; };
		0744EE361FF2AA2B008A29D9 /* Level4.sks in Resources */ = {isa = PBXBuildFile; fileRef = 0744EE351FF2AA2B008A29D9 /* Level4.sks */; };
		0744EE3A1FF327F9008A29D9 /* CreditsVC.swift in Sources */ = {isa = PBXBuildFile; fileRef = 0744EE391FF327F9008A29D9 /* CreditsVC.swift */; };
		07560B871FEE73DC00F2ED20 /* AppDelegate.swift in Sources */ = {isa = PBXBuildFile; fileRef = 07560B861FEE73DC00F2ED20 /* AppDelegate.swift */; };
		07560B891FEE73DC00F2ED20 /* Level1.sks in Resources */ = {isa = PBXBuildFile; fileRef = 07560B881FEE73DC00F2ED20 /* Level1.sks */; };
		07560B8B1FEE73DC00F2ED20 /* Actions.sks in Resources */ = {isa = PBXBuildFile; fileRef = 07560B8A1FEE73DC00F2ED20 /* Actions.sks */; };
		07560B8D1FEE73DC00F2ED20 /* GameScene.swift in Sources */ = {isa = PBXBuildFile; fileRef = 07560B8C1FEE73DC00F2ED20 /* GameScene.swift */; };
		07560B8F1FEE73DC00F2ED20 /* GameViewController.swift in Sources */ = {isa = PBXBuildFile; fileRef = 07560B8E1FEE73DC00F2ED20 /* GameViewController.swift */; };
		07560B921FEE73DC00F2ED20 /* Main.storyboard in Resources */ = {isa = PBXBuildFile; fileRef = 07560B901FEE73DC00F2ED20 /* Main.storyboard */; };
		07560B941FEE73DC00F2ED20 /* Assets.xcassets in Resources */ = {isa = PBXBuildFile; fileRef = 07560B931FEE73DC00F2ED20 /* Assets.xcassets */; };
		07560B971FEE73DC00F2ED20 /* LaunchScreen.storyboard in Resources */ = {isa = PBXBuildFile; fileRef = 07560B951FEE73DC00F2ED20 /* LaunchScreen.storyboard */; };
		07560BA21FEE7F2D00F2ED20 /* BrokenPlatform.sks in Resources */ = {isa = PBXBuildFile; fileRef = 07560BA01FEE7F2D00F2ED20 /* BrokenPlatform.sks */; };
		07560BA31FEE7F2D00F2ED20 /* BallTrail.sks in Resources */ = {isa = PBXBuildFile; fileRef = 07560BA11FEE7F2D00F2ED20 /* BallTrail.sks */; };
		07560BAB1FEE802000F2ED20 /* paddleBlip.wav in Resources */ = {isa = PBXBuildFile; fileRef = 07560BA61FEE802000F2ED20 /* paddleBlip.wav */; };
		07560BAC1FEE802000F2ED20 /* game-over.wav in Resources */ = {isa = PBXBuildFile; fileRef = 07560BA71FEE802000F2ED20 /* game-over.wav */; };
		07560BAD1FEE802000F2ED20 /* block-break.wav in Resources */ = {isa = PBXBuildFile; fileRef = 07560BA81FEE802000F2ED20 /* block-break.wav */; };
		07560BAE1FEE802000F2ED20 /* pongblip.wav in Resources */ = {isa = PBXBuildFile; fileRef = 07560BA91FEE802000F2ED20 /* pongblip.wav */; };
		07560BAF1FEE802000F2ED20 /* game-won.mp3 in Resources */ = {isa = PBXBuildFile; fileRef = 07560BAA1FEE802000F2ED20 /* game-won.mp3 */; };
		07560BB31FEE82C200F2ED20 /* WaitingForTap.swift in Sources */ = {isa = PBXBuildFile; fileRef = 07560BB21FEE82C100F2ED20 /* WaitingForTap.swift */; };
		07560BB51FEE82CE00F2ED20 /* Playing.swift in Sources */ = {isa = PBXBuildFile; fileRef = 07560BB41FEE82CE00F2ED20 /* Playing.swift */; };
		07560BB71FEE82DD00F2ED20 /* GameOver.swift in Sources */ = {isa = PBXBuildFile; fileRef = 07560BB61FEE82DD00F2ED20 /* GameOver.swift */; };
		07BCFF271FF0858B00876EA8 /* MenuVC.swift in Sources */ = {isa = PBXBuildFile; fileRef = 07BCFF261FF0858B00876EA8 /* MenuVC.swift */; };
		07C792D71FF1D88700582665 /* Level2.sks in Resources */ = {isa = PBXBuildFile; fileRef = 07C792D61FF1D88700582665 /* Level2.sks */; };
/* End PBXBuildFile section */

/* Begin PBXFileReference section */
		071809971FF17B90009CC571 /* LevelSelectVC.swift */ = {isa = PBXFileReference; lastKnownFileType = sourcecode.swift; path = LevelSelectVC.swift; sourceTree = "<group>"; };
		0733065F1FF3370700C89499 /* SettingsVC.swift */ = {isa = PBXFileReference; lastKnownFileType = sourcecode.swift; path = SettingsVC.swift; sourceTree = "<group>"; };
		0744EE331FF29B3B008A29D9 /* Level3.sks */ = {isa = PBXFileReference; lastKnownFileType = file.sks; path = Level3.sks; sourceTree = "<group>"; };
		0744EE351FF2AA2B008A29D9 /* Level4.sks */ = {isa = PBXFileReference; lastKnownFileType = file.sks; path = Level4.sks; sourceTree = "<group>"; };
		0744EE391FF327F9008A29D9 /* CreditsVC.swift */ = {isa = PBXFileReference; lastKnownFileType = sourcecode.swift; path = CreditsVC.swift; sourceTree = "<group>"; };
		07560B831FEE73DC00F2ED20 /* Arkanoid.app */ = {isa = PBXFileReference; explicitFileType = wrapper.application; includeInIndex = 0; path = Arkanoid.app; sourceTree = BUILT_PRODUCTS_DIR; };
		07560B861FEE73DC00F2ED20 /* AppDelegate.swift */ = {isa = PBXFileReference; lastKnownFileType = sourcecode.swift; path = AppDelegate.swift; sourceTree = "<group>"; };
		07560B881FEE73DC00F2ED20 /* Level1.sks */ = {isa = PBXFileReference; lastKnownFileType = file.sks; path = Level1.sks; sourceTree = "<group>"; };
		07560B8A1FEE73DC00F2ED20 /* Actions.sks */ = {isa = PBXFileReference; lastKnownFileType = file.sks; path = Actions.sks; sourceTree = "<group>"; };
		07560B8C1FEE73DC00F2ED20 /* GameScene.swift */ = {isa = PBXFileReference; lastKnownFileType = sourcecode.swift; path = GameScene.swift; sourceTree = "<group>"; };
		07560B8E1FEE73DC00F2ED20 /* GameViewController.swift */ = {isa = PBXFileReference; lastKnownFileType = sourcecode.swift; path = GameViewController.swift; sourceTree = "<group>"; };
		07560B911FEE73DC00F2ED20 /* Base */ = {isa = PBXFileReference; lastKnownFileType = file.storyboard; name = Base; path = Base.lproj/Main.storyboard; sourceTree = "<group>"; };
		07560B931FEE73DC00F2ED20 /* Assets.xcassets */ = {isa = PBXFileReference; lastKnownFileType = folder.assetcatalog; path = Assets.xcassets; sourceTree = "<group>"; };
		07560B961FEE73DC00F2ED20 /* Base */ = {isa = PBXFileReference; lastKnownFileType = file.storyboard; name = Base; path = Base.lproj/LaunchScreen.storyboard; sourceTree = "<group>"; };
		07560B981FEE73DC00F2ED20 /* Info.plist */ = {isa = PBXFileReference; lastKnownFileType = text.plist.xml; path = Info.plist; sourceTree = "<group>"; };
		07560BA01FEE7F2D00F2ED20 /* BrokenPlatform.sks */ = {isa = PBXFileReference; lastKnownFileType = file.sks; path = BrokenPlatform.sks; sourceTree = "<group>"; };
		07560BA11FEE7F2D00F2ED20 /* BallTrail.sks */ = {isa = PBXFileReference; lastKnownFileType = file.sks; path = BallTrail.sks; sourceTree = "<group>"; };
		07560BA61FEE802000F2ED20 /* paddleBlip.wav */ = {isa = PBXFileReference; lastKnownFileType = audio.wav; path = paddleBlip.wav; sourceTree = "<group>"; };
		07560BA71FEE802000F2ED20 /* game-over.wav */ = {isa = PBXFileReference; lastKnownFileType = audio.wav; path = "game-over.wav"; sourceTree = "<group>"; };
		07560BA81FEE802000F2ED20 /* block-break.wav */ = {isa = PBXFileReference; lastKnownFileType = audio.wav; path = "block-break.wav"; sourceTree = "<group>"; };
		07560BA91FEE802000F2ED20 /* pongblip.wav */ = {isa = PBXFileReference; lastKnownFileType = audio.wav; path = pongblip.wav; sourceTree = "<group>"; };
		07560BAA1FEE802000F2ED20 /* game-won.mp3 */ = {isa = PBXFileReference; lastKnownFileType = audio.mp3; path = "game-won.mp3"; sourceTree = "<group>"; };
		07560BB21FEE82C100F2ED20 /* WaitingForTap.swift */ = {isa = PBXFileReference; lastKnownFileType = sourcecode.swift; path = WaitingForTap.swift; sourceTree = "<group>"; };
		07560BB41FEE82CE00F2ED20 /* Playing.swift */ = {isa = PBXFileReference; lastKnownFileType = sourcecode.swift; path = Playing.swift; sourceTree = "<group>"; };
		07560BB61FEE82DD00F2ED20 /* GameOver.swift */ = {isa = PBXFileReference; lastKnownFileType = sourcecode.swift; path = GameOver.swift; sourceTree = "<group>"; };
		07BCFF261FF0858B00876EA8 /* MenuVC.swift */ = {isa = PBXFileReference; lastKnownFileType = sourcecode.swift; path = MenuVC.swift; sourceTree = "<group>"; };
		07C792D61FF1D88700582665 /* Level2.sks */ = {isa = PBXFileReference; lastKnownFileType = file.sks; path = Level2.sks; sourceTree = "<group>"; };
/* End PBXFileReference section */

/* Begin PBXFrameworksBuildPhase section */
		07560B801FEE73DC00F2ED20 /* Frameworks */ = {
			isa = PBXFrameworksBuildPhase;
			buildActionMask = 2147483647;
			files = (
			);
			runOnlyForDeploymentPostprocessing = 0;
		};
/* End PBXFrameworksBuildPhase section */

/* Begin PBXGroup section */
		0744EE321FF292DC008A29D9 /* Levels */ = {
			isa = PBXGroup;
			children = (
				07560B881FEE73DC00F2ED20 /* Level1.sks */,
				07C792D61FF1D88700582665 /* Level2.sks */,
				0744EE331FF29B3B008A29D9 /* Level3.sks */,
				0744EE351FF2AA2B008A29D9 /* Level4.sks */,
			);
			name = Levels;
			sourceTree = "<group>";
		};
		07560B7A1FEE73DC00F2ED20 = {
			isa = PBXGroup;
			children = (
				07560B851FEE73DC00F2ED20 /* Arkanoid */,
				07560B841FEE73DC00F2ED20 /* Products */,
			);
			sourceTree = "<group>";
		};
		07560B841FEE73DC00F2ED20 /* Products */ = {
			isa = PBXGroup;
			children = (
				07560B831FEE73DC00F2ED20 /* Arkanoid.app */,
			);
			name = Products;
			sourceTree = "<group>";
		};
		07560B851FEE73DC00F2ED20 /* Arkanoid */ = {
			isa = PBXGroup;
			children = (
				07560B8C1FEE73DC00F2ED20 /* GameScene.swift */,
				07560B901FEE73DC00F2ED20 /* Main.storyboard */,
				07BCFF261FF0858B00876EA8 /* MenuVC.swift */,
				071809971FF17B90009CC571 /* LevelSelectVC.swift */,
				0733065F1FF3370700C89499 /* SettingsVC.swift */,
				0744EE391FF327F9008A29D9 /* CreditsVC.swift */,
				07560B8E1FEE73DC00F2ED20 /* GameViewController.swift */,
				0744EE321FF292DC008A29D9 /* Levels */,
				07560BB11FEE820B00F2ED20 /* Game States */,
				07560BB01FEE806100F2ED20 /* Supporting files */,
				07560BA51FEE800300F2ED20 /* Sounds */,
				07560BA41FEE7FB500F2ED20 /* Particles */,
				07560B931FEE73DC00F2ED20 /* Assets.xcassets */,
			);
			path = Arkanoid;
			sourceTree = "<group>";
		};
		07560BA41FEE7FB500F2ED20 /* Particles */ = {
			isa = PBXGroup;
			children = (
				07560BA11FEE7F2D00F2ED20 /* BallTrail.sks */,
				07560BA01FEE7F2D00F2ED20 /* BrokenPlatform.sks */,
			);
			path = Particles;
			sourceTree = "<group>";
		};
		07560BA51FEE800300F2ED20 /* Sounds */ = {
			isa = PBXGroup;
			children = (
				07560BA81FEE802000F2ED20 /* block-break.wav */,
				07560BA71FEE802000F2ED20 /* game-over.wav */,
				07560BAA1FEE802000F2ED20 /* game-won.mp3 */,
				07560BA61FEE802000F2ED20 /* paddleBlip.wav */,
				07560BA91FEE802000F2ED20 /* pongblip.wav */,
			);
			path = Sounds;
			sourceTree = "<group>";
		};
		07560BB01FEE806100F2ED20 /* Supporting files */ = {
			isa = PBXGroup;
			children = (
				07560B8A1FEE73DC00F2ED20 /* Actions.sks */,
				07560B861FEE73DC00F2ED20 /* AppDelegate.swift */,
				07560B951FEE73DC00F2ED20 /* LaunchScreen.storyboard */,
				07560B981FEE73DC00F2ED20 /* Info.plist */,
			);
			name = "Supporting files";
			sourceTree = "<group>";
		};
		07560BB11FEE820B00F2ED20 /* Game States */ = {
			isa = PBXGroup;
			children = (
				07560BB21FEE82C100F2ED20 /* WaitingForTap.swift */,
				07560BB41FEE82CE00F2ED20 /* Playing.swift */,
				07560BB61FEE82DD00F2ED20 /* GameOver.swift */,
			);
			name = "Game States";
			sourceTree = "<group>";
		};
/* End PBXGroup section */

/* Begin PBXNativeTarget section */
		07560B821FEE73DC00F2ED20 /* Arkanoid */ = {
			isa = PBXNativeTarget;
			buildConfigurationList = 07560B9B1FEE73DC00F2ED20 /* Build configuration list for PBXNativeTarget "Arkanoid" */;
			buildPhases = (
				07560B7F1FEE73DC00F2ED20 /* Sources */,
				07560B801FEE73DC00F2ED20 /* Frameworks */,
				07560B811FEE73DC00F2ED20 /* Resources */,
			);
			buildRules = (
			);
			dependencies = (
			);
			name = Arkanoid;
			productName = Arkanoid;
			productReference = 07560B831FEE73DC00F2ED20 /* Arkanoid.app */;
			productType = "com.apple.product-type.application";
		};
/* End PBXNativeTarget section */

/* Begin PBXProject section */
		07560B7B1FEE73DC00F2ED20 /* Project object */ = {
			isa = PBXProject;
			attributes = {
				LastSwiftUpdateCheck = 0920;
				LastUpgradeCheck = 0920;
				ORGANIZATIONNAME = "Clapslock Interactive";
				TargetAttributes = {
					07560B821FEE73DC00F2ED20 = {
						CreatedOnToolsVersion = 9.2;
						ProvisioningStyle = Automatic;
					};
				};
			};
			buildConfigurationList = 07560B7E1FEE73DC00F2ED20 /* Build configuration list for PBXProject "Arkanoid" */;
			compatibilityVersion = "Xcode 8.0";
			developmentRegion = en;
			hasScannedForEncodings = 0;
			knownRegions = (
				en,
				Base,
			);
			mainGroup = 07560B7A1FEE73DC00F2ED20;
			productRefGroup = 07560B841FEE73DC00F2ED20 /* Products */;
			projectDirPath = "";
			projectRoot = "";
			targets = (
				07560B821FEE73DC00F2ED20 /* Arkanoid */,
			);
		};
/* End PBXProject section */

/* Begin PBXResourcesBuildPhase section */
		07560B811FEE73DC00F2ED20 /* Resources */ = {
			isa = PBXResourcesBuildPhase;
			buildActionMask = 2147483647;
			files = (
				07560B921FEE73DC00F2ED20 /* Main.storyboard in Resources */,
				07560BAF1FEE802000F2ED20 /* game-won.mp3 in Resources */,
				07560BAE1FEE802000F2ED20 /* pongblip.wav in Resources */,
				07560BAC1FEE802000F2ED20 /* game-over.wav in Resources */,
				0744EE341FF29B3B008A29D9 /* Level3.sks in Resources */,
				07C792D71FF1D88700582665 /* Level2.sks in Resources */,
				07560BA21FEE7F2D00F2ED20 /* BrokenPlatform.sks in Resources */,
				07560B891FEE73DC00F2ED20 /* Level1.sks in Resources */,
				07560BAB1FEE802000F2ED20 /* paddleBlip.wav in Resources */,
				07560B941FEE73DC00F2ED20 /* Assets.xcassets in Resources */,
				07560BA31FEE7F2D00F2ED20 /* BallTrail.sks in Resources */,
				07560B971FEE73DC00F2ED20 /* LaunchScreen.storyboard in Resources */,
				07560BAD1FEE802000F2ED20 /* block-break.wav in Resources */,
				07560B8B1FEE73DC00F2ED20 /* Actions.sks in Resources */,
				0744EE361FF2AA2B008A29D9 /* Level4.sks in Resources */,
			);
			runOnlyForDeploymentPostprocessing = 0;
		};
/* End PBXResourcesBuildPhase section */

/* Begin PBXSourcesBuildPhase section */
		07560B7F1FEE73DC00F2ED20 /* Sources */ = {
			isa = PBXSourcesBuildPhase;
			buildActionMask = 2147483647;
			files = (
				07560B8D1FEE73DC00F2ED20 /* GameScene.swift in Sources */,
				07560BB31FEE82C200F2ED20 /* WaitingForTap.swift in Sources */,
				07560B8F1FEE73DC00F2ED20 /* GameViewController.swift in Sources */,
				07BCFF271FF0858B00876EA8 /* MenuVC.swift in Sources */,
				07560BB71FEE82DD00F2ED20 /* GameOver.swift in Sources */,
				07560B871FEE73DC00F2ED20 /* AppDelegate.swift in Sources */,
				0744EE3A1FF327F9008A29D9 /* CreditsVC.swift in Sources */,
				07560BB51FEE82CE00F2ED20 /* Playing.swift in Sources */,
				071809981FF17B90009CC571 /* LevelSelectVC.swift in Sources */,
				073306601FF3370700C89499 /* SettingsVC.swift in Sources */,
			);
			runOnlyForDeploymentPostprocessing = 0;
		};
/* End PBXSourcesBuildPhase section */

/* Begin PBXVariantGroup section */
		07560B901FEE73DC00F2ED20 /* Main.storyboard */ = {
			isa = PBXVariantGroup;
			children = (
				07560B911FEE73DC00F2ED20 /* Base */,
			);
			name = Main.storyboard;
			sourceTree = "<group>";
		};
		07560B951FEE73DC00F2ED20 /* LaunchScreen.storyboard */ = {
			isa = PBXVariantGroup;
			children = (
				07560B961FEE73DC00F2ED20 /* Base */,
			);
			name = LaunchScreen.storyboard;
			sourceTree = "<group>";
		};
/* End PBXVariantGroup section */

/* Begin XCBuildConfiguration section */
		07560B991FEE73DC00F2ED20 /* Debug */ = {
			isa = XCBuildConfiguration;
			buildSettings = {
				ALWAYS_SEARCH_USER_PATHS = NO;
				CLANG_ANALYZER_NONNULL = YES;
				CLANG_ANALYZER_NUMBER_OBJECT_CONVERSION = YES_AGGRESSIVE;
				CLANG_CXX_LANGUAGE_STANDARD = "gnu++14";
				CLANG_CXX_LIBRARY = "libc++";
				CLANG_ENABLE_MODULES = YES;
				CLANG_ENABLE_OBJC_ARC = YES;
				CLANG_WARN_BLOCK_CAPTURE_AUTORELEASING = YES;
				CLANG_WARN_BOOL_CONVERSION = YES;
				CLANG_WARN_COMMA = YES;
				CLANG_WARN_CONSTANT_CONVERSION = YES;
				CLANG_WARN_DIRECT_OBJC_ISA_USAGE = YES_ERROR;
				CLANG_WARN_DOCUMENTATION_COMMENTS = YES;
				CLANG_WARN_EMPTY_BODY = YES;
				CLANG_WARN_ENUM_CONVERSION = YES;
				CLANG_WARN_INFINITE_RECURSION = YES;
				CLANG_WARN_INT_CONVERSION = YES;
				CLANG_WARN_NON_LITERAL_NULL_CONVERSION = YES;
				CLANG_WARN_OBJC_LITERAL_CONVERSION = YES;
				CLANG_WARN_OBJC_ROOT_CLASS = YES_ERROR;
				CLANG_WARN_RANGE_LOOP_ANALYSIS = YES;
				CLANG_WARN_STRICT_PROTOTYPES = YES;
				CLANG_WARN_SUSPICIOUS_MOVE = YES;
				CLANG_WARN_UNGUARDED_AVAILABILITY = YES_AGGRESSIVE;
				CLANG_WARN_UNREACHABLE_CODE = YES;
				CLANG_WARN__DUPLICATE_METHOD_MATCH = YES;
				CODE_SIGN_IDENTITY = "iPhone Developer";
				COPY_PHASE_STRIP = NO;
				DEBUG_INFORMATION_FORMAT = dwarf;
				ENABLE_STRICT_OBJC_MSGSEND = YES;
				ENABLE_TESTABILITY = YES;
				GCC_C_LANGUAGE_STANDARD = gnu11;
				GCC_DYNAMIC_NO_PIC = NO;
				GCC_NO_COMMON_BLOCKS = YES;
				GCC_OPTIMIZATION_LEVEL = 0;
				GCC_PREPROCESSOR_DEFINITIONS = (
					"DEBUG=1",
					"$(inherited)",
				);
				GCC_WARN_64_TO_32_BIT_CONVERSION = YES;
				GCC_WARN_ABOUT_RETURN_TYPE = YES_ERROR;
				GCC_WARN_UNDECLARED_SELECTOR = YES;
				GCC_WARN_UNINITIALIZED_AUTOS = YES_AGGRESSIVE;
				GCC_WARN_UNUSED_FUNCTION = YES;
				GCC_WARN_UNUSED_VARIABLE = YES;
				IPHONEOS_DEPLOYMENT_TARGET = 11.2;
				MTL_ENABLE_DEBUG_INFO = YES;
				ONLY_ACTIVE_ARCH = YES;
				SDKROOT = iphoneos;
				SWIFT_ACTIVE_COMPILATION_CONDITIONS = DEBUG;
				SWIFT_OPTIMIZATION_LEVEL = "-Onone";
			};
			name = Debug;
		};
		07560B9A1FEE73DC00F2ED20 /* Release */ = {
			isa = XCBuildConfiguration;
			buildSettings = {
				ALWAYS_SEARCH_USER_PATHS = NO;
				CLANG_ANALYZER_NONNULL = YES;
				CLANG_ANALYZER_NUMBER_OBJECT_CONVERSION = YES_AGGRESSIVE;
				CLANG_CXX_LANGUAGE_STANDARD = "gnu++14";
				CLANG_CXX_LIBRARY = "libc++";
				CLANG_ENABLE_MODULES = YES;
				CLANG_ENABLE_OBJC_ARC = YES;
				CLANG_WARN_BLOCK_CAPTURE_AUTORELEASING = YES;
				CLANG_WARN_BOOL_CONVERSION = YES;
				CLANG_WARN_COMMA = YES;
				CLANG_WARN_CONSTANT_CONVERSION = YES;
				CLANG_WARN_DIRECT_OBJC_ISA_USAGE = YES_ERROR;
				CLANG_WARN_DOCUMENTATION_COMMENTS = YES;
				CLANG_WARN_EMPTY_BODY = YES;
				CLANG_WARN_ENUM_CONVERSION = YES;
				CLANG_WARN_INFINITE_RECURSION = YES;
				CLANG_WARN_INT_CONVERSION = YES;
				CLANG_WARN_NON_LITERAL_NULL_CONVERSION = YES;
				CLANG_WARN_OBJC_LITERAL_CONVERSION = YES;
				CLANG_WARN_OBJC_ROOT_CLASS = YES_ERROR;
				CLANG_WARN_RANGE_LOOP_ANALYSIS = YES;
				CLANG_WARN_STRICT_PROTOTYPES = YES;
				CLANG_WARN_SUSPICIOUS_MOVE = YES;
				CLANG_WARN_UNGUARDED_AVAILABILITY = YES_AGGRESSIVE;
				CLANG_WARN_UNREACHABLE_CODE = YES;
				CLANG_WARN__DUPLICATE_METHOD_MATCH = YES;
				CODE_SIGN_IDENTITY = "iPhone Developer";
				COPY_PHASE_STRIP = NO;
				DEBUG_INFORMATION_FORMAT = "dwarf-with-dsym";
				ENABLE_NS_ASSERTIONS = NO;
				ENABLE_STRICT_OBJC_MSGSEND = YES;
				GCC_C_LANGUAGE_STANDARD = gnu11;
				GCC_NO_COMMON_BLOCKS = YES;
				GCC_WARN_64_TO_32_BIT_CONVERSION = YES;
				GCC_WARN_ABOUT_RETURN_TYPE = YES_ERROR;
				GCC_WARN_UNDECLARED_SELECTOR = YES;
				GCC_WARN_UNINITIALIZED_AUTOS = YES_AGGRESSIVE;
				GCC_WARN_UNUSED_FUNCTION = YES;
				GCC_WARN_UNUSED_VARIABLE = YES;
				IPHONEOS_DEPLOYMENT_TARGET = 11.2;
				MTL_ENABLE_DEBUG_INFO = NO;
				SDKROOT = iphoneos;
				SWIFT_OPTIMIZATION_LEVEL = "-Owholemodule";
				VALIDATE_PRODUCT = YES;
			};
			name = Release;
		};
		07560B9C1FEE73DC00F2ED20 /* Debug */ = {
			isa = XCBuildConfiguration;
			buildSettings = {
				ASSETCATALOG_COMPILER_APPICON_NAME = AppIcon;
				CODE_SIGN_STYLE = Automatic;
				DEVELOPMENT_TEAM = 7DJ7TXE967;
				INFOPLIST_FILE = Arkanoid/Info.plist;
				LD_RUNPATH_SEARCH_PATHS = "$(inherited) @executable_path/Frameworks";
				PRODUCT_BUNDLE_IDENTIFIER = com.BartoszKunat.Arkanoid;
				PRODUCT_NAME = "$(TARGET_NAME)";
				SWIFT_VERSION = 4.0;
				TARGETED_DEVICE_FAMILY = "1,2";
			};
			name = Debug;
		};
		07560B9D1FEE73DC00F2ED20 /* Release */ = {
			isa = XCBuildConfiguration;
			buildSettings = {
				ASSETCATALOG_COMPILER_APPICON_NAME = AppIcon;
				CODE_SIGN_STYLE = Automatic;
				DEVELOPMENT_TEAM = 7DJ7TXE967;
				INFOPLIST_FILE = Arkanoid/Info.plist;
				LD_RUNPATH_SEARCH_PATHS = "$(inherited) @executable_path/Frameworks";
				PRODUCT_BUNDLE_IDENTIFIER = com.BartoszKunat.Arkanoid;
				PRODUCT_NAME = "$(TARGET_NAME)";
				SWIFT_VERSION = 4.0;
				TARGETED_DEVICE_FAMILY = "1,2";
			};
			name = Release;
		};
/* End XCBuildConfiguration section */

/* Begin XCConfigurationList section */
		07560B7E1FEE73DC00F2ED20 /* Build configuration list for PBXProject "Arkanoid" */ = {
			isa = XCConfigurationList;
			buildConfigurations = (
				07560B991FEE73DC00F2ED20 /* Debug */,
				07560B9A1FEE73DC00F2ED20 /* Release */,
			);
			defaultConfigurationIsVisible = 0;
			defaultConfigurationName = Release;
		};
		07560B9B1FEE73DC00F2ED20 /* Build configuration list for PBXNativeTarget "Arkanoid" */ = {
			isa = XCConfigurationList;
			buildConfigurations = (
				07560B9C1FEE73DC00F2ED20 /* Debug */,
				07560B9D1FEE73DC00F2ED20 /* Release */,
			);
			defaultConfigurationIsVisible = 0;
			defaultConfigurationName = Release;
		};
/* End XCConfigurationList section */
	};
	rootObject = 07560B7B1FEE73DC00F2ED20 /* Project object */;
}
